// !$*UTF8*$!
{
	archiveVersion = 1;
	classes = {
	};
	objectVersion = 50;
	objects = {

/* Begin PBXBuildFile section */
		0333352422C0FADA0025472E /* PayCard.swift in Sources */ = {isa = PBXBuildFile; fileRef = 0333352322C0FADA0025472E /* PayCard.swift */; };
		0333352622C10DE20025472E /* TypeYourCardScene.swift in Sources */ = {isa = PBXBuildFile; fileRef = 0333352522C10DE20025472E /* TypeYourCardScene.swift */; };
		0333352922C113940025472E /* CREDC___.ttf in Resources */ = {isa = PBXBuildFile; fileRef = 0333352822C113940025472E /* CREDC___.ttf */; };
		0333352B22C123A10025472E /* CardInputView.swift in Sources */ = {isa = PBXBuildFile; fileRef = 0333352A22C123A10025472E /* CardInputView.swift */; };
		0333352D22C134310025472E /* NextButton.swift in Sources */ = {isa = PBXBuildFile; fileRef = 0333352C22C134310025472E /* NextButton.swift */; };
		6D47EDC522B6B58D005E61D1 /* AppDelegate.swift in Sources */ = {isa = PBXBuildFile; fileRef = 6D47EDC422B6B58D005E61D1 /* AppDelegate.swift */; };
		6D47EDC722B6B58D005E61D1 /* SceneDelegate.swift in Sources */ = {isa = PBXBuildFile; fileRef = 6D47EDC622B6B58D005E61D1 /* SceneDelegate.swift */; };
		6D47EDC922B6B58D005E61D1 /* ContentView.swift in Sources */ = {isa = PBXBuildFile; fileRef = 6D47EDC822B6B58D005E61D1 /* ContentView.swift */; };
		6D47EDCB22B6B590005E61D1 /* Assets.xcassets in Resources */ = {isa = PBXBuildFile; fileRef = 6D47EDCA22B6B590005E61D1 /* Assets.xcassets */; };
		6D47EDCE22B6B590005E61D1 /* Preview Assets.xcassets in Resources */ = {isa = PBXBuildFile; fileRef = 6D47EDCD22B6B590005E61D1 /* Preview Assets.xcassets */; };
		6D47EDD122B6B590005E61D1 /* LaunchScreen.storyboard in Resources */ = {isa = PBXBuildFile; fileRef = 6D47EDCF22B6B590005E61D1 /* LaunchScreen.storyboard */; };
		6D47EDD922B6B659005E61D1 /* CardView.swift in Sources */ = {isa = PBXBuildFile; fileRef = 6D47EDD822B6B659005E61D1 /* CardView.swift */; };
/* End PBXBuildFile section */

/* Begin PBXFileReference section */
		0333352322C0FADA0025472E /* PayCard.swift */ = {isa = PBXFileReference; lastKnownFileType = sourcecode.swift; path = PayCard.swift; sourceTree = "<group>"; };
		0333352522C10DE20025472E /* TypeYourCardScene.swift */ = {isa = PBXFileReference; lastKnownFileType = sourcecode.swift; path = TypeYourCardScene.swift; sourceTree = "<group>"; };
		0333352822C113940025472E /* CREDC___.ttf */ = {isa = PBXFileReference; lastKnownFileType = file; name = "CREDC___.ttf"; path = "CreditCardFont/CREDC___.ttf"; sourceTree = SOURCE_ROOT; };
		0333352A22C123A10025472E /* CardInputView.swift */ = {isa = PBXFileReference; lastKnownFileType = sourcecode.swift; path = CardInputView.swift; sourceTree = "<group>"; };
		0333352C22C134310025472E /* NextButton.swift */ = {isa = PBXFileReference; lastKnownFileType = sourcecode.swift; path = NextButton.swift; sourceTree = "<group>"; };
		6D47EDC122B6B58D005E61D1 /* TypeYourCard.app */ = {isa = PBXFileReference; explicitFileType = wrapper.application; includeInIndex = 0; path = TypeYourCard.app; sourceTree = BUILT_PRODUCTS_DIR; };
		6D47EDC422B6B58D005E61D1 /* AppDelegate.swift */ = {isa = PBXFileReference; lastKnownFileType = sourcecode.swift; path = AppDelegate.swift; sourceTree = "<group>"; };
		6D47EDC622B6B58D005E61D1 /* SceneDelegate.swift */ = {isa = PBXFileReference; lastKnownFileType = sourcecode.swift; path = SceneDelegate.swift; sourceTree = "<group>"; };
		6D47EDC822B6B58D005E61D1 /* ContentView.swift */ = {isa = PBXFileReference; lastKnownFileType = sourcecode.swift; path = ContentView.swift; sourceTree = "<group>"; };
		6D47EDCA22B6B590005E61D1 /* Assets.xcassets */ = {isa = PBXFileReference; lastKnownFileType = folder.assetcatalog; path = Assets.xcassets; sourceTree = "<group>"; };
		6D47EDCD22B6B590005E61D1 /* Preview Assets.xcassets */ = {isa = PBXFileReference; lastKnownFileType = folder.assetcatalog; path = "Preview Assets.xcassets"; sourceTree = "<group>"; };
		6D47EDD022B6B590005E61D1 /* Base */ = {isa = PBXFileReference; lastKnownFileType = file.storyboard; name = Base; path = Base.lproj/LaunchScreen.storyboard; sourceTree = "<group>"; };
		6D47EDD222B6B590005E61D1 /* Info.plist */ = {isa = PBXFileReference; lastKnownFileType = text.plist.xml; path = Info.plist; sourceTree = "<group>"; };
		6D47EDD822B6B659005E61D1 /* CardView.swift */ = {isa = PBXFileReference; lastKnownFileType = sourcecode.swift; path = CardView.swift; sourceTree = "<group>"; };
/* End PBXFileReference section */

/* Begin PBXFrameworksBuildPhase section */
		6D47EDBE22B6B58D005E61D1 /* Frameworks */ = {
			isa = PBXFrameworksBuildPhase;
			buildActionMask = 2147483647;
			files = (
			);
			runOnlyForDeploymentPostprocessing = 0;
		};
/* End PBXFrameworksBuildPhase section */

/* Begin PBXGroup section */
		0333352722C113760025472E /* Font */ = {
			isa = PBXGroup;
			children = (
				0333352822C113940025472E /* CREDC___.ttf */,
			);
			path = Font;
			sourceTree = "<group>";
		};
		6D47EDB822B6B58D005E61D1 = {
			isa = PBXGroup;
			children = (
				6D47EDC322B6B58D005E61D1 /* TypeYourCard */,
				6D47EDC222B6B58D005E61D1 /* Products */,
			);
			sourceTree = "<group>";
		};
		6D47EDC222B6B58D005E61D1 /* Products */ = {
			isa = PBXGroup;
			children = (
				6D47EDC122B6B58D005E61D1 /* TypeYourCard.app */,
			);
			name = Products;
			sourceTree = "<group>";
		};
		6D47EDC322B6B58D005E61D1 /* TypeYourCard */ = {
			isa = PBXGroup;
			children = (
				0333352722C113760025472E /* Font */,
				6D47EDC422B6B58D005E61D1 /* AppDelegate.swift */,
				6D47EDC622B6B58D005E61D1 /* SceneDelegate.swift */,
				6D47EDC822B6B58D005E61D1 /* ContentView.swift */,
				0333352322C0FADA0025472E /* PayCard.swift */,
				0333352522C10DE20025472E /* TypeYourCardScene.swift */,
				0333352C22C134310025472E /* NextButton.swift */,
				0333352A22C123A10025472E /* CardInputView.swift */,
				6D47EDD822B6B659005E61D1 /* CardView.swift */,
				6D47EDCA22B6B590005E61D1 /* Assets.xcassets */,
				6D47EDCF22B6B590005E61D1 /* LaunchScreen.storyboard */,
				6D47EDD222B6B590005E61D1 /* Info.plist */,
				6D47EDCC22B6B590005E61D1 /* Preview Content */,
			);
			path = TypeYourCard;
			sourceTree = "<group>";
		};
		6D47EDCC22B6B590005E61D1 /* Preview Content */ = {
			isa = PBXGroup;
			children = (
				6D47EDCD22B6B590005E61D1 /* Preview Assets.xcassets */,
			);
			path = "Preview Content";
			sourceTree = "<group>";
		};
/* End PBXGroup section */

/* Begin PBXNativeTarget section */
		6D47EDC022B6B58D005E61D1 /* TypeYourCard */ = {
			isa = PBXNativeTarget;
			buildConfigurationList = 6D47EDD522B6B590005E61D1 /* Build configuration list for PBXNativeTarget "TypeYourCard" */;
			buildPhases = (
				6D47EDBD22B6B58D005E61D1 /* Sources */,
				6D47EDBE22B6B58D005E61D1 /* Frameworks */,
				6D47EDBF22B6B58D005E61D1 /* Resources */,
			);
			buildRules = (
			);
			dependencies = (
			);
			name = TypeYourCard;
			productName = TypeYourCard;
			productReference = 6D47EDC122B6B58D005E61D1 /* TypeYourCard.app */;
			productType = "com.apple.product-type.application";
		};
/* End PBXNativeTarget section */

/* Begin PBXProject section */
		6D47EDB922B6B58D005E61D1 /* Project object */ = {
			isa = PBXProject;
			attributes = {
				LastSwiftUpdateCheck = 1100;
				LastUpgradeCheck = 1100;
				ORGANIZATIONNAME = "Alexej Nenastev";
				TargetAttributes = {
					6D47EDC022B6B58D005E61D1 = {
						CreatedOnToolsVersion = 11.0;
					};
				};
			};
			buildConfigurationList = 6D47EDBC22B6B58D005E61D1 /* Build configuration list for PBXProject "TypeYourCard" */;
			compatibilityVersion = "Xcode 9.3";
			developmentRegion = en;
			hasScannedForEncodings = 0;
			knownRegions = (
				en,
				Base,
			);
			mainGroup = 6D47EDB822B6B58D005E61D1;
			productRefGroup = 6D47EDC222B6B58D005E61D1 /* Products */;
			projectDirPath = "";
			projectRoot = "";
			targets = (
				6D47EDC022B6B58D005E61D1 /* TypeYourCard */,
			);
		};
/* End PBXProject section */

/* Begin PBXResourcesBuildPhase section */
		6D47EDBF22B6B58D005E61D1 /* Resources */ = {
			isa = PBXResourcesBuildPhase;
			buildActionMask = 2147483647;
			files = (
				6D47EDD122B6B590005E61D1 /* LaunchScreen.storyboard in Resources */,
				6D47EDCE22B6B590005E61D1 /* Preview Assets.xcassets in Resources */,
				0333352922C113940025472E /* CREDC___.ttf in Resources */,
				6D47EDCB22B6B590005E61D1 /* Assets.xcassets in Resources */,
			);
			runOnlyForDeploymentPostprocessing = 0;
		};
/* End PBXResourcesBuildPhase section */

/* Begin PBXSourcesBuildPhase section */
		6D47EDBD22B6B58D005E61D1 /* Sources */ = {
			isa = PBXSourcesBuildPhase;
			buildActionMask = 2147483647;
			files = (
				0333352422C0FADA0025472E /* PayCard.swift in Sources */,
				0333352622C10DE20025472E /* TypeYourCardScene.swift in Sources */,
				6D47EDC522B6B58D005E61D1 /* AppDelegate.swift in Sources */,
				6D47EDC722B6B58D005E61D1 /* SceneDelegate.swift in Sources */,
				0333352B22C123A10025472E /* CardInputView.swift in Sources */,
				6D47EDD922B6B659005E61D1 /* CardView.swift in Sources */,
				0333352D22C134310025472E /* NextButton.swift in Sources */,
				6D47EDC922B6B58D005E61D1 /* ContentView.swift in Sources */,
			);
			runOnlyForDeploymentPostprocessing = 0;
		};
/* End PBXSourcesBuildPhase section */

/* Begin PBXVariantGroup section */
		6D47EDCF22B6B590005E61D1 /* LaunchScreen.storyboard */ = {
			isa = PBXVariantGroup;
			children = (
				6D47EDD022B6B590005E61D1 /* Base */,
			);
			name = LaunchScreen.storyboard;
			sourceTree = "<group>";
		};
/* End PBXVariantGroup section */

/* Begin XCBuildConfiguration section */
		6D47EDD322B6B590005E61D1 /* Debug */ = {
			isa = XCBuildConfiguration;
			buildSettings = {
				ALWAYS_SEARCH_USER_PATHS = NO;
				CLANG_ANALYZER_NONNULL = YES;
				CLANG_ANALYZER_NUMBER_OBJECT_CONVERSION = YES_AGGRESSIVE;
				CLANG_CXX_LANGUAGE_STANDARD = "gnu++14";
				CLANG_CXX_LIBRARY = "libc++";
				CLANG_ENABLE_MODULES = YES;
				CLANG_ENABLE_OBJC_ARC = YES;
				CLANG_ENABLE_OBJC_WEAK = YES;
				CLANG_WARN_BLOCK_CAPTURE_AUTORELEASING = YES;
				CLANG_WARN_BOOL_CONVERSION = YES;
				CLANG_WARN_COMMA = YES;
				CLANG_WARN_CONSTANT_CONVERSION = YES;
				CLANG_WARN_DEPRECATED_OBJC_IMPLEMENTATIONS = YES;
				CLANG_WARN_DIRECT_OBJC_ISA_USAGE = YES_ERROR;
				CLANG_WARN_DOCUMENTATION_COMMENTS = YES;
				CLANG_WARN_EMPTY_BODY = YES;
				CLANG_WARN_ENUM_CONVERSION = YES;
				CLANG_WARN_INFINITE_RECURSION = YES;
				CLANG_WARN_INT_CONVERSION = YES;
				CLANG_WARN_NON_LITERAL_NULL_CONVERSION = YES;
				CLANG_WARN_OBJC_IMPLICIT_RETAIN_SELF = YES;
				CLANG_WARN_OBJC_LITERAL_CONVERSION = YES;
				CLANG_WARN_OBJC_ROOT_CLASS = YES_ERROR;
				CLANG_WARN_RANGE_LOOP_ANALYSIS = YES;
				CLANG_WARN_STRICT_PROTOTYPES = YES;
				CLANG_WARN_SUSPICIOUS_MOVE = YES;
				CLANG_WARN_UNGUARDED_AVAILABILITY = YES_AGGRESSIVE;
				CLANG_WARN_UNREACHABLE_CODE = YES;
				CLANG_WARN__DUPLICATE_METHOD_MATCH = YES;
				COPY_PHASE_STRIP = NO;
				DEBUG_INFORMATION_FORMAT = dwarf;
				ENABLE_STRICT_OBJC_MSGSEND = YES;
				ENABLE_TESTABILITY = YES;
				GCC_C_LANGUAGE_STANDARD = gnu11;
				GCC_DYNAMIC_NO_PIC = NO;
				GCC_NO_COMMON_BLOCKS = YES;
				GCC_OPTIMIZATION_LEVEL = 0;
				GCC_PREPROCESSOR_DEFINITIONS = (
					"DEBUG=1",
					"$(inherited)",
				);
				GCC_WARN_64_TO_32_BIT_CONVERSION = YES;
				GCC_WARN_ABOUT_RETURN_TYPE = YES_ERROR;
				GCC_WARN_UNDECLARED_SELECTOR = YES;
				GCC_WARN_UNINITIALIZED_AUTOS = YES_AGGRESSIVE;
				GCC_WARN_UNUSED_FUNCTION = YES;
				GCC_WARN_UNUSED_VARIABLE = YES;
				IPHONEOS_DEPLOYMENT_TARGET = 13.0;
				MTL_ENABLE_DEBUG_INFO = INCLUDE_SOURCE;
				MTL_FAST_MATH = YES;
				ONLY_ACTIVE_ARCH = YES;
				SDKROOT = iphoneos;
				SWIFT_ACTIVE_COMPILATION_CONDITIONS = DEBUG;
				SWIFT_OPTIMIZATION_LEVEL = "-Onone";
			};
			name = Debug;
		};
		6D47EDD422B6B590005E61D1 /* Release */ = {
			isa = XCBuildConfiguration;
			buildSettings = {
				ALWAYS_SEARCH_USER_PATHS = NO;
				CLANG_ANALYZER_NONNULL = YES;
				CLANG_ANALYZER_NUMBER_OBJECT_CONVERSION = YES_AGGRESSIVE;
				CLANG_CXX_LANGUAGE_STANDARD = "gnu++14";
				CLANG_CXX_LIBRARY = "libc++";
				CLANG_ENABLE_MODULES = YES;
				CLANG_ENABLE_OBJC_ARC = YES;
				CLANG_ENABLE_OBJC_WEAK = YES;
				CLANG_WARN_BLOCK_CAPTURE_AUTORELEASING = YES;
				CLANG_WARN_BOOL_CONVERSION = YES;
				CLANG_WARN_COMMA = YES;
				CLANG_WARN_CONSTANT_CONVERSION = YES;
				CLANG_WARN_DEPRECATED_OBJC_IMPLEMENTATIONS = YES;
				CLANG_WARN_DIRECT_OBJC_ISA_USAGE = YES_ERROR;
				CLANG_WARN_DOCUMENTATION_COMMENTS = YES;
				CLANG_WARN_EMPTY_BODY = YES;
				CLANG_WARN_ENUM_CONVERSION = YES;
				CLANG_WARN_INFINITE_RECURSION = YES;
				CLANG_WARN_INT_CONVERSION = YES;
				CLANG_WARN_NON_LITERAL_NULL_CONVERSION = YES;
				CLANG_WARN_OBJC_IMPLICIT_RETAIN_SELF = YES;
				CLANG_WARN_OBJC_LITERAL_CONVERSION = YES;
				CLANG_WARN_OBJC_ROOT_CLASS = YES_ERROR;
				CLANG_WARN_RANGE_LOOP_ANALYSIS = YES;
				CLANG_WARN_STRICT_PROTOTYPES = YES;
				CLANG_WARN_SUSPICIOUS_MOVE = YES;
				CLANG_WARN_UNGUARDED_AVAILABILITY = YES_AGGRESSIVE;
				CLANG_WARN_UNREACHABLE_CODE = YES;
				CLANG_WARN__DUPLICATE_METHOD_MATCH = YES;
				COPY_PHASE_STRIP = NO;
				DEBUG_INFORMATION_FORMAT = "dwarf-with-dsym";
				ENABLE_NS_ASSERTIONS = NO;
				ENABLE_STRICT_OBJC_MSGSEND = YES;
				GCC_C_LANGUAGE_STANDARD = gnu11;
				GCC_NO_COMMON_BLOCKS = YES;
				GCC_WARN_64_TO_32_BIT_CONVERSION = YES;
				GCC_WARN_ABOUT_RETURN_TYPE = YES_ERROR;
				GCC_WARN_UNDECLARED_SELECTOR = YES;
				GCC_WARN_UNINITIALIZED_AUTOS = YES_AGGRESSIVE;
				GCC_WARN_UNUSED_FUNCTION = YES;
				GCC_WARN_UNUSED_VARIABLE = YES;
				IPHONEOS_DEPLOYMENT_TARGET = 13.0;
				MTL_ENABLE_DEBUG_INFO = NO;
				MTL_FAST_MATH = YES;
				SDKROOT = iphoneos;
				SWIFT_COMPILATION_MODE = wholemodule;
				SWIFT_OPTIMIZATION_LEVEL = "-O";
				VALIDATE_PRODUCT = YES;
			};
			name = Release;
		};
		6D47EDD622B6B590005E61D1 /* Debug */ = {
			isa = XCBuildConfiguration;
			buildSettings = {
				ASSETCATALOG_COMPILER_APPICON_NAME = AppIcon;
				CODE_SIGN_STYLE = Automatic;
				DEVELOPMENT_ASSET_PATHS = "TypeYourCard/Preview\\ Content";
				DEVELOPMENT_TEAM = 3BVL9BNASU;
				ENABLE_PREVIEWS = YES;
				INFOPLIST_FILE = TypeYourCard/Info.plist;
				LD_RUNPATH_SEARCH_PATHS = (
					"$(inherited)",
					"@executable_path/Frameworks",
				);
				PRODUCT_BUNDLE_IDENTIFIER = com.someSwift.TypeYourCard;
				PRODUCT_NAME = "$(TARGET_NAME)";
				SWIFT_VERSION = 5.0;
				TARGETED_DEVICE_FAMILY = "1,2";
			};
			name = Debug;
		};
		6D47EDD722B6B590005E61D1 /* Release */ = {
			isa = XCBuildConfiguration;
			buildSettings = {
				ASSETCATALOG_COMPILER_APPICON_NAME = AppIcon;
				CODE_SIGN_STYLE = Automatic;
				DEVELOPMENT_ASSET_PATHS = "TypeYourCard/Preview\\ Content";
				DEVELOPMENT_TEAM = 3BVL9BNASU;
				ENABLE_PREVIEWS = YES;
				INFOPLIST_FILE = TypeYourCard/Info.plist;
				LD_RUNPATH_SEARCH_PATHS = (
					"$(inherited)",
					"@executable_path/Frameworks",
				);
				PRODUCT_BUNDLE_IDENTIFIER = com.someSwift.TypeYourCard;
				PRODUCT_NAME = "$(TARGET_NAME)";
				SWIFT_VERSION = 5.0;
				TARGETED_DEVICE_FAMILY = "1,2";
			};
			name = Release;
		};
/* End XCBuildConfiguration section */

/* Begin XCConfigurationList section */
		6D47EDBC22B6B58D005E61D1 /* Build configuration list for PBXProject "TypeYourCard" */ = {
			isa = XCConfigurationList;
			buildConfigurations = (
				6D47EDD322B6B590005E61D1 /* Debug */,
				6D47EDD422B6B590005E61D1 /* Release */,
			);
			defaultConfigurationIsVisible = 0;
			defaultConfigurationName = Release;
		};
		6D47EDD522B6B590005E61D1 /* Build configuration list for PBXNativeTarget "TypeYourCard" */ = {
			isa = XCConfigurationList;
			buildConfigurations = (
				6D47EDD622B6B590005E61D1 /* Debug */,
				6D47EDD722B6B590005E61D1 /* Release */,
			);
			defaultConfigurationIsVisible = 0;
			defaultConfigurationName = Release;
		};
/* End XCConfigurationList section */
	};
	rootObject = 6D47EDB922B6B58D005E61D1 /* Project object */;
}
